
Microsoft Visual Studio Solution File, Format Version 12.00
# Visual Studio Version 16
VisualStudioVersion = 16.0.32228.343
MinimumVisualStudioVersion = 10.0.40219.1
Project("{FAE04EC0-301F-11D3-BF4B-00C04F79EFBC}") = "WindowsFormsApp4", "WindowsFormsApp4\WindowsFormsApp4.csproj", "{B5FD3D36-4FDD-4C2B-AD7B-B27B04A7A5B0}"
EndProject
Global
	GlobalSection(SolutionConfigurationPlatforms) = preSolution
		Debug|Any CPU = Debug|Any CPU
		Release|Any CPU = Release|Any CPU
	EndGlobalSection
	GlobalSection(ProjectConfigurationPlatforms) = postSolution
		{B5FD3D36-4FDD-4C2B-AD7B-B27B04A7A5B0}.Debug|Any CPU.ActiveCfg = Debug|Any CPU
		{B5FD3D36-4FDD-4C2B-AD7B-B27B04A7A5B0}.Debug|Any CPU.Build.0 = Debug|Any CPU
		{B5FD3D36-4FDD-4C2B-AD7B-B27B04A7A5B0}.Release|Any CPU.ActiveCfg = Release|Any CPU
		{B5FD3D36-4FDD-4C2B-AD7B-B27B04A7A5B0}.Release|Any CPU.Build.0 = Release|Any CPU
	EndGlobalSection
	GlobalSection(SolutionProperties) = preSolution
		HideSolutionNode = FALSE
	EndGlobalSection
	GlobalSection(ExtensibilityGlobals) = postSolution
		SolutionGuid = {196B3B3C-D9F6-4E2B-B2F6-C6C223B14810}
	EndGlobalSection
EndGlobal
